
Microsoft Visual Studio Solution File, Format Version 12.00
# Visual Studio Version 17
VisualStudioVersion = 17.9.34622.214
MinimumVisualStudioVersion = 10.0.40219.1
Project("{FAE04EC0-301F-11D3-BF4B-00C04F79EFBC}") = "HeThongBaiGiuXe", "HeThongBaiGiuXe\HeThongBaiGiuXe.csproj", "{EF094377-6037-4C66-99A8-6754E87C70EC}"
EndProject
Global
	GlobalSection(SolutionConfigurationPlatforms) = preSolution
		Debug|Any CPU = Debug|Any CPU
		Release|Any CPU = Release|Any CPU
	EndGlobalSection
	GlobalSection(ProjectConfigurationPlatforms) = postSolution
		{EF094377-6037-4C66-99A8-6754E87C70EC}.Debug|Any CPU.ActiveCfg = Debug|Any CPU
		{EF094377-6037-4C66-99A8-6754E87C70EC}.Debug|Any CPU.Build.0 = Debug|Any CPU
		{EF094377-6037-4C66-99A8-6754E87C70EC}.Release|Any CPU.ActiveCfg = Release|Any CPU
		{EF094377-6037-4C66-99A8-6754E87C70EC}.Release|Any CPU.Build.0 = Release|Any CPU
	EndGlobalSection
	GlobalSection(SolutionProperties) = preSolution
		HideSolutionNode = FALSE
	EndGlobalSection
	GlobalSection(ExtensibilityGlobals) = postSolution
		SolutionGuid = {460A27E8-0B58-4474-8B5A-A080E9566F54}
	EndGlobalSection
EndGlobal
